
Microsoft Visual Studio Solution File, Format Version 12.00
# Visual Studio 15
VisualStudioVersion = 15.0.28010.2016
MinimumVisualStudioVersion = 10.0.40219.1
Project("{FAE04EC0-301F-11D3-BF4B-00C04F79EFBC}") = "Week 1 Capstone", "Week 1 Capstone\Week 1 Capstone.csproj", "{C328AFBD-A56E-4F95-9E84-0FAB1B114F84}"
EndProject
Global
	GlobalSection(SolutionConfigurationPlatforms) = preSolution
		Debug|Any CPU = Debug|Any CPU
		Release|Any CPU = Release|Any CPU
	EndGlobalSection
	GlobalSection(ProjectConfigurationPlatforms) = postSolution
		{C328AFBD-A56E-4F95-9E84-0FAB1B114F84}.Debug|Any CPU.ActiveCfg = Debug|Any CPU
		{C328AFBD-A56E-4F95-9E84-0FAB1B114F84}.Debug|Any CPU.Build.0 = Debug|Any CPU
		{C328AFBD-A56E-4F95-9E84-0FAB1B114F84}.Release|Any CPU.ActiveCfg = Release|Any CPU
		{C328AFBD-A56E-4F95-9E84-0FAB1B114F84}.Release|Any CPU.Build.0 = Release|Any CPU
	EndGlobalSection
	GlobalSection(SolutionProperties) = preSolution
		HideSolutionNode = FALSE
	EndGlobalSection
	GlobalSection(ExtensibilityGlobals) = postSolution
		SolutionGuid = {CAC7CEBD-FC1F-4C3E-BB8E-DC0AAB26B6EB}
	EndGlobalSection
EndGlobal
